{
  "name": "ottava-crypto",
  "version": "1.0.0",
  "lockfileVersion": 1,
  "requires": true,
  "dependencies": {
    "ottava-debug": {
      "version": "1.0.1",
      "resolved": "https://registry.npmjs.org/ottava-debug/-/ottava-debug-1.0.1.tgz",
      "integrity": "sha512-y5qXXzi6aJSonn7w71VriIquUE2HtPXPmAlsYfC8G8nAefVkj0BzscXVqCcm3PHUqBthRcuOUXVea33iqer+Fw=="
    },
    "ottava-mutable": {
      "version": "1.0.0",
      "resolved": "https://registry.npmjs.org/ottava-mutable/-/ottava-mutable-1.0.0.tgz",
      "integrity": "sha512-z0Oj7ZFZX+npPcnjwMXbCgYGgeKTHHSCzPwUNsKz5/rG/NOT0mYhclDmlaj328GC4g4Zbg7HaPhNuxfLXrgEEA==",
      "requires": {
        "ottava-debug": "^1.0.1"
      }
    }
  }
}
